
Microsoft Visual Studio Solution File, Format Version 12.00
# Visual Studio Version 16
VisualStudioVersion = 16.0.31424.327
MinimumVisualStudioVersion = 10.0.40219.1
Project("{FAE04EC0-301F-11D3-BF4B-00C04F79EFBC}") = "PatternicaTest", "PatternicaTest.csproj", "{84492C87-F9D5-411E-80D0-1ADA96DB6DAD}"
EndProject
Global
	GlobalSection(SolutionConfigurationPlatforms) = preSolution
		Debug|Any CPU = Debug|Any CPU
		Release|Any CPU = Release|Any CPU
	EndGlobalSection
	GlobalSection(ProjectConfigurationPlatforms) = postSolution
		{84492C87-F9D5-411E-80D0-1ADA96DB6DAD}.Debug|Any CPU.ActiveCfg = Debug|Any CPU
		{84492C87-F9D5-411E-80D0-1ADA96DB6DAD}.Debug|Any CPU.Build.0 = Debug|Any CPU
		{84492C87-F9D5-411E-80D0-1ADA96DB6DAD}.Release|Any CPU.ActiveCfg = Release|Any CPU
		{84492C87-F9D5-411E-80D0-1ADA96DB6DAD}.Release|Any CPU.Build.0 = Release|Any CPU
	EndGlobalSection
	GlobalSection(SolutionProperties) = preSolution
		HideSolutionNode = FALSE
	EndGlobalSection
	GlobalSection(ExtensibilityGlobals) = postSolution
		SolutionGuid = {21F7868F-E4AE-4CBF-953E-9FC376596116}
	EndGlobalSection
EndGlobal
